// !$*UTF8*$!
{
	archiveVersion = 1;
	classes = {
	};
	objectVersion = 46;
	objects = {

/* Begin PBXBuildFile section */
		0B0356C91E8E32DF00C6F87E /* main.m in Sources */ = {isa = PBXBuildFile; fileRef = 0B0356C81E8E32DF00C6F87E /* main.m */; };
		0B0356CC1E8E32DF00C6F87E /* AppDelegate.m in Sources */ = {isa = PBXBuildFile; fileRef = 0B0356CB1E8E32DF00C6F87E /* AppDelegate.m */; };
		0B0356CF1E8E32DF00C6F87E /* ViewController.m in Sources */ = {isa = PBXBuildFile; fileRef = 0B0356CE1E8E32DF00C6F87E /* ViewController.m */; };
		0B0356D21E8E32DF00C6F87E /* Main.storyboard in Resources */ = {isa = PBXBuildFile; fileRef = 0B0356D01E8E32DF00C6F87E /* Main.storyboard */; };
		0B0356D51E8E32DF00C6F87E /* healthKit_Demo.xcdatamodeld in Sources */ = {isa = PBXBuildFile; fileRef = 0B0356D31E8E32DF00C6F87E /* healthKit_Demo.xcdatamodeld */; };
		0B0356D71E8E32DF00C6F87E /* Assets.xcassets in Resources */ = {isa = PBXBuildFile; fileRef = 0B0356D61E8E32DF00C6F87E /* Assets.xcassets */; };
		0B0356DA1E8E32DF00C6F87E /* LaunchScreen.storyboard in Resources */ = {isa = PBXBuildFile; fileRef = 0B0356D81E8E32DF00C6F87E /* LaunchScreen.storyboard */; };
		0B0356E51E8E32DF00C6F87E /* healthKit_DemoTests.m in Sources */ = {isa = PBXBuildFile; fileRef = 0B0356E41E8E32DF00C6F87E /* healthKit_DemoTests.m */; };
		0B0356F01E8E32DF00C6F87E /* healthKit_DemoUITests.m in Sources */ = {isa = PBXBuildFile; fileRef = 0B0356EF1E8E32DF00C6F87E /* healthKit_DemoUITests.m */; };
		0B0356FF1E8E34F100C6F87E /* HealthKit.framework in Frameworks */ = {isa = PBXBuildFile; fileRef = 0B0356FE1E8E34F100C6F87E /* HealthKit.framework */; };
		0B0357081E8E387C00C6F87E /* NavigationViewController.m in Sources */ = {isa = PBXBuildFile; fileRef = 0B0357071E8E387C00C6F87E /* NavigationViewController.m */; };
		0B0357091E8E387C00C6F87E /* NavigationViewController.m in Sources */ = {isa = PBXBuildFile; fileRef = 0B0357071E8E387C00C6F87E /* NavigationViewController.m */; };
		0B03570A1E8E387C00C6F87E /* NavigationViewController.m in Sources */ = {isa = PBXBuildFile; fileRef = 0B0357071E8E387C00C6F87E /* NavigationViewController.m */; };
		0B03570D1E8E38E000C6F87E /* TabBarController.m in Sources */ = {isa = PBXBuildFile; fileRef = 0B03570C1E8E38E000C6F87E /* TabBarController.m */; };
		0B03570E1E8E38E000C6F87E /* TabBarController.m in Sources */ = {isa = PBXBuildFile; fileRef = 0B03570C1E8E38E000C6F87E /* TabBarController.m */; };
		0B03570F1E8E38E000C6F87E /* TabBarController.m in Sources */ = {isa = PBXBuildFile; fileRef = 0B03570C1E8E38E000C6F87E /* TabBarController.m */; };
		0BFFB20B1E8E576300FA667D /* HealthManager.m in Sources */ = {isa = PBXBuildFile; fileRef = 0BFFB2061E8E576300FA667D /* HealthManager.m */; };
		0BFFB20C1E8E576300FA667D /* HealthManager.m in Sources */ = {isa = PBXBuildFile; fileRef = 0BFFB2061E8E576300FA667D /* HealthManager.m */; };
		0BFFB20D1E8E576300FA667D /* HealthManager.m in Sources */ = {isa = PBXBuildFile; fileRef = 0BFFB2061E8E576300FA667D /* HealthManager.m */; };
		0BFFB20E1E8E576400FA667D /* HKHealthStore+AAPLExtensions.m in Sources */ = {isa = PBXBuildFile; fileRef = 0BFFB2081E8E576300FA667D /* HKHealthStore+AAPLExtensions.m */; };
		0BFFB20F1E8E576400FA667D /* HKHealthStore+AAPLExtensions.m in Sources */ = {isa = PBXBuildFile; fileRef = 0BFFB2081E8E576300FA667D /* HKHealthStore+AAPLExtensions.m */; };
		0BFFB2101E8E576400FA667D /* HKHealthStore+AAPLExtensions.m in Sources */ = {isa = PBXBuildFile; fileRef = 0BFFB2081E8E576300FA667D /* HKHealthStore+AAPLExtensions.m */; };
		0BFFB2111E8E576400FA667D /* RunObject.m in Sources */ = {isa = PBXBuildFile; fileRef = 0BFFB20A1E8E576300FA667D /* RunObject.m */; };
		0BFFB2121E8E576400FA667D /* RunObject.m in Sources */ = {isa = PBXBuildFile; fileRef = 0BFFB20A1E8E576300FA667D /* RunObject.m */; };
		0BFFB2131E8E576400FA667D /* RunObject.m in Sources */ = {isa = PBXBuildFile; fileRef = 0BFFB20A1E8E576300FA667D /* RunObject.m */; };
/* End PBXBuildFile section */

/* Begin PBXContainerItemProxy section */
		0B0356E11E8E32DF00C6F87E /* PBXContainerItemProxy */ = {
			isa = PBXContainerItemProxy;
			containerPortal = 0B0356BC1E8E32DF00C6F87E /* Project object */;
			proxyType = 1;
			remoteGlobalIDString = 0B0356C31E8E32DF00C6F87E;
			remoteInfo = "healthKit Demo";
		};
		0B0356EC1E8E32DF00C6F87E /* PBXContainerItemProxy */ = {
			isa = PBXContainerItemProxy;
			containerPortal = 0B0356BC1E8E32DF00C6F87E /* Project object */;
			proxyType = 1;
			remoteGlobalIDString = 0B0356C31E8E32DF00C6F87E;
			remoteInfo = "healthKit Demo";
		};
/* End PBXContainerItemProxy section */

/* Begin PBXFileReference section */
		0B0356C41E8E32DF00C6F87E /* healthKit Demo.app */ = {isa = PBXFileReference; explicitFileType = wrapper.application; includeInIndex = 0; path = "healthKit Demo.app"; sourceTree = BUILT_PRODUCTS_DIR; };
		0B0356C81E8E32DF00C6F87E /* main.m */ = {isa = PBXFileReference; lastKnownFileType = sourcecode.c.objc; path = main.m; sourceTree = "<group>"; };
		0B0356CA1E8E32DF00C6F87E /* AppDelegate.h */ = {isa = PBXFileReference; lastKnownFileType = sourcecode.c.h; path = AppDelegate.h; sourceTree = "<group>"; };
		0B0356CB1E8E32DF00C6F87E /* AppDelegate.m */ = {isa = PBXFileReference; lastKnownFileType = sourcecode.c.objc; path = AppDelegate.m; sourceTree = "<group>"; };
		0B0356CD1E8E32DF00C6F87E /* ViewController.h */ = {isa = PBXFileReference; lastKnownFileType = sourcecode.c.h; path = ViewController.h; sourceTree = "<group>"; };
		0B0356CE1E8E32DF00C6F87E /* ViewController.m */ = {isa = PBXFileReference; lastKnownFileType = sourcecode.c.objc; path = ViewController.m; sourceTree = "<group>"; };
		0B0356D11E8E32DF00C6F87E /* Base */ = {isa = PBXFileReference; lastKnownFileType = file.storyboard; name = Base; path = Base.lproj/Main.storyboard; sourceTree = "<group>"; };
		0B0356D41E8E32DF00C6F87E /* healthKit_Demo.xcdatamodel */ = {isa = PBXFileReference; lastKnownFileType = wrapper.xcdatamodel; path = healthKit_Demo.xcdatamodel; sourceTree = "<group>"; };
		0B0356D61E8E32DF00C6F87E /* Assets.xcassets */ = {isa = PBXFileReference; lastKnownFileType = folder.assetcatalog; path = Assets.xcassets; sourceTree = "<group>"; };
		0B0356D91E8E32DF00C6F87E /* Base */ = {isa = PBXFileReference; lastKnownFileType = file.storyboard; name = Base; path = Base.lproj/LaunchScreen.storyboard; sourceTree = "<group>"; };
		0B0356DB1E8E32DF00C6F87E /* Info.plist */ = {isa = PBXFileReference; lastKnownFileType = text.plist.xml; path = Info.plist; sourceTree = "<group>"; };
		0B0356E01E8E32DF00C6F87E /* healthKit DemoTests.xctest */ = {isa = PBXFileReference; explicitFileType = wrapper.cfbundle; includeInIndex = 0; path = "healthKit DemoTests.xctest"; sourceTree = BUILT_PRODUCTS_DIR; };
		0B0356E41E8E32DF00C6F87E /* healthKit_DemoTests.m */ = {isa = PBXFileReference; lastKnownFileType = sourcecode.c.objc; path = healthKit_DemoTests.m; sourceTree = "<group>"; };
		0B0356E61E8E32DF00C6F87E /* Info.plist */ = {isa = PBXFileReference; lastKnownFileType = text.plist.xml; path = Info.plist; sourceTree = "<group>"; };
		0B0356EB1E8E32DF00C6F87E /* healthKit DemoUITests.xctest */ = {isa = PBXFileReference; explicitFileType = wrapper.cfbundle; includeInIndex = 0; path = "healthKit DemoUITests.xctest"; sourceTree = BUILT_PRODUCTS_DIR; };
		0B0356EF1E8E32DF00C6F87E /* healthKit_DemoUITests.m */ = {isa = PBXFileReference; lastKnownFileType = sourcecode.c.objc; path = healthKit_DemoUITests.m; sourceTree = "<group>"; };
		0B0356F11E8E32DF00C6F87E /* Info.plist */ = {isa = PBXFileReference; lastKnownFileType = text.plist.xml; path = Info.plist; sourceTree = "<group>"; };
		0B0356FE1E8E34F100C6F87E /* HealthKit.framework */ = {isa = PBXFileReference; lastKnownFileType = wrapper.framework; name = HealthKit.framework; path = System/Library/Frameworks/HealthKit.framework; sourceTree = SDKROOT; };
		0B0357001E8E34F100C6F87E /* healthKit Demo.entitlements */ = {isa = PBXFileReference; lastKnownFileType = text.plist.entitlements; path = "healthKit Demo.entitlements"; sourceTree = "<group>"; };
		0B0357061E8E387C00C6F87E /* NavigationViewController.h */ = {isa = PBXFileReference; fileEncoding = 4; lastKnownFileType = sourcecode.c.h; path = NavigationViewController.h; sourceTree = "<group>"; };
		0B0357071E8E387C00C6F87E /* NavigationViewController.m */ = {isa = PBXFileReference; fileEncoding = 4; lastKnownFileType = sourcecode.c.objc; path = NavigationViewController.m; sourceTree = "<group>"; };
		0B03570B1E8E38E000C6F87E /* TabBarController.h */ = {isa = PBXFileReference; fileEncoding = 4; lastKnownFileType = sourcecode.c.h; path = TabBarController.h; sourceTree = "<group>"; };
		0B03570C1E8E38E000C6F87E /* TabBarController.m */ = {isa = PBXFileReference; fileEncoding = 4; lastKnownFileType = sourcecode.c.objc; path = TabBarController.m; sourceTree = "<group>"; };
		0BFFB2051E8E576300FA667D /* HealthManager.h */ = {isa = PBXFileReference; fileEncoding = 4; lastKnownFileType = sourcecode.c.h; path = HealthManager.h; sourceTree = "<group>"; };
		0BFFB2061E8E576300FA667D /* HealthManager.m */ = {isa = PBXFileReference; fileEncoding = 4; lastKnownFileType = sourcecode.c.objc; path = HealthManager.m; sourceTree = "<group>"; };
		0BFFB2071E8E576300FA667D /* HKHealthStore+AAPLExtensions.h */ = {isa = PBXFileReference; fileEncoding = 4; lastKnownFileType = sourcecode.c.h; path = "HKHealthStore+AAPLExtensions.h"; sourceTree = "<group>"; };
		0BFFB2081E8E576300FA667D /* HKHealthStore+AAPLExtensions.m */ = {isa = PBXFileReference; fileEncoding = 4; lastKnownFileType = sourcecode.c.objc; path = "HKHealthStore+AAPLExtensions.m"; sourceTree = "<group>"; };
		0BFFB2091E8E576300FA667D /* RunObject.h */ = {isa = PBXFileReference; fileEncoding = 4; lastKnownFileType = sourcecode.c.h; path = RunObject.h; sourceTree = "<group>"; };
		0BFFB20A1E8E576300FA667D /* RunObject.m */ = {isa = PBXFileReference; fileEncoding = 4; lastKnownFileType = sourcecode.c.objc; path = RunObject.m; sourceTree = "<group>"; };
/* End PBXFileReference section */

/* Begin PBXFrameworksBuildPhase section */
		0B0356C11E8E32DF00C6F87E /* Frameworks */ = {
			isa = PBXFrameworksBuildPhase;
			buildActionMask = 2147483647;
			files = (
				0B0356FF1E8E34F100C6F87E /* HealthKit.framework in Frameworks */,
			);
			runOnlyForDeploymentPostprocessing = 0;
		};
		0B0356DD1E8E32DF00C6F87E /* Frameworks */ = {
			isa = PBXFrameworksBuildPhase;
			buildActionMask = 2147483647;
			files = (
			);
			runOnlyForDeploymentPostprocessing = 0;
		};
		0B0356E81E8E32DF00C6F87E /* Frameworks */ = {
			isa = PBXFrameworksBuildPhase;
			buildActionMask = 2147483647;
			files = (
			);
			runOnlyForDeploymentPostprocessing = 0;
		};
/* End PBXFrameworksBuildPhase section */

/* Begin PBXGroup section */
		0B0356BB1E8E32DF00C6F87E = {
			isa = PBXGroup;
			children = (
				0B0356C61E8E32DF00C6F87E /* healthKit Demo */,
				0B0356E31E8E32DF00C6F87E /* healthKit DemoTests */,
				0B0356EE1E8E32DF00C6F87E /* healthKit DemoUITests */,
				0B0356C51E8E32DF00C6F87E /* Products */,
				0B0356FD1E8E34F100C6F87E /* Frameworks */,
			);
			sourceTree = "<group>";
		};
		0B0356C51E8E32DF00C6F87E /* Products */ = {
			isa = PBXGroup;
			children = (
				0B0356C41E8E32DF00C6F87E /* healthKit Demo.app */,
				0B0356E01E8E32DF00C6F87E /* healthKit DemoTests.xctest */,
				0B0356EB1E8E32DF00C6F87E /* healthKit DemoUITests.xctest */,
			);
			name = Products;
			sourceTree = "<group>";
		};
		0B0356C61E8E32DF00C6F87E /* healthKit Demo */ = {
			isa = PBXGroup;
			children = (
				0BFFB2031E8E575500FA667D /* libs */,
				0B0357001E8E34F100C6F87E /* healthKit Demo.entitlements */,
				0B0356CA1E8E32DF00C6F87E /* AppDelegate.h */,
				0B0356CB1E8E32DF00C6F87E /* AppDelegate.m */,
				0B0356CD1E8E32DF00C6F87E /* ViewController.h */,
				0B0356CE1E8E32DF00C6F87E /* ViewController.m */,
				0B0356D01E8E32DF00C6F87E /* Main.storyboard */,
				0B0356D61E8E32DF00C6F87E /* Assets.xcassets */,
				0B0356D81E8E32DF00C6F87E /* LaunchScreen.storyboard */,
				0B0356DB1E8E32DF00C6F87E /* Info.plist */,
				0B0356D31E8E32DF00C6F87E /* healthKit_Demo.xcdatamodeld */,
				0B0356C71E8E32DF00C6F87E /* Supporting Files */,
				0B0357061E8E387C00C6F87E /* NavigationViewController.h */,
				0B0357071E8E387C00C6F87E /* NavigationViewController.m */,
				0B03570B1E8E38E000C6F87E /* TabBarController.h */,
				0B03570C1E8E38E000C6F87E /* TabBarController.m */,
			);
			path = "healthKit Demo";
			sourceTree = "<group>";
		};
		0B0356C71E8E32DF00C6F87E /* Supporting Files */ = {
			isa = PBXGroup;
			children = (
				0B0356C81E8E32DF00C6F87E /* main.m */,
			);
			name = "Supporting Files";
			sourceTree = "<group>";
		};
		0B0356E31E8E32DF00C6F87E /* healthKit DemoTests */ = {
			isa = PBXGroup;
			children = (
				0B0356E41E8E32DF00C6F87E /* healthKit_DemoTests.m */,
				0B0356E61E8E32DF00C6F87E /* Info.plist */,
			);
			path = "healthKit DemoTests";
			sourceTree = "<group>";
		};
		0B0356EE1E8E32DF00C6F87E /* healthKit DemoUITests */ = {
			isa = PBXGroup;
			children = (
				0B0356EF1E8E32DF00C6F87E /* healthKit_DemoUITests.m */,
				0B0356F11E8E32DF00C6F87E /* Info.plist */,
			);
			path = "healthKit DemoUITests";
			sourceTree = "<group>";
		};
		0B0356FD1E8E34F100C6F87E /* Frameworks */ = {
			isa = PBXGroup;
			children = (
				0B0356FE1E8E34F100C6F87E /* HealthKit.framework */,
			);
			name = Frameworks;
			sourceTree = "<group>";
		};
		0BFFB2031E8E575500FA667D /* libs */ = {
			isa = PBXGroup;
			children = (
				0BFFB2041E8E576300FA667D /* RunObject */,
			);
			path = libs;
			sourceTree = "<group>";
		};
		0BFFB2041E8E576300FA667D /* RunObject */ = {
			isa = PBXGroup;
			children = (
				0BFFB2051E8E576300FA667D /* HealthManager.h */,
				0BFFB2061E8E576300FA667D /* HealthManager.m */,
				0BFFB2071E8E576300FA667D /* HKHealthStore+AAPLExtensions.h */,
				0BFFB2081E8E576300FA667D /* HKHealthStore+AAPLExtensions.m */,
				0BFFB2091E8E576300FA667D /* RunObject.h */,
				0BFFB20A1E8E576300FA667D /* RunObject.m */,
			);
			path = RunObject;
			sourceTree = "<group>";
		};
/* End PBXGroup section */

/* Begin PBXNativeTarget section */
		0B0356C31E8E32DF00C6F87E /* healthKit Demo */ = {
			isa = PBXNativeTarget;
			buildConfigurationList = 0B0356F41E8E32DF00C6F87E /* Build configuration list for PBXNativeTarget "healthKit Demo" */;
			buildPhases = (
				0B0356C01E8E32DF00C6F87E /* Sources */,
				0B0356C11E8E32DF00C6F87E /* Frameworks */,
				0B0356C21E8E32DF00C6F87E /* Resources */,
			);
			buildRules = (
			);
			dependencies = (
			);
			name = "healthKit Demo";
			productName = "healthKit Demo";
			productReference = 0B0356C41E8E32DF00C6F87E /* healthKit Demo.app */;
			productType = "com.apple.product-type.application";
		};
		0B0356DF1E8E32DF00C6F87E /* healthKit DemoTests */ = {
			isa = PBXNativeTarget;
			buildConfigurationList = 0B0356F71E8E32DF00C6F87E /* Build configuration list for PBXNativeTarget "healthKit DemoTests" */;
			buildPhases = (
				0B0356DC1E8E32DF00C6F87E /* Sources */,
				0B0356DD1E8E32DF00C6F87E /* Frameworks */,
				0B0356DE1E8E32DF00C6F87E /* Resources */,
			);
			buildRules = (
			);
			dependencies = (
				0B0356E21E8E32DF00C6F87E /* PBXTargetDependency */,
			);
			name = "healthKit DemoTests";
			productName = "healthKit DemoTests";
			productReference = 0B0356E01E8E32DF00C6F87E /* healthKit DemoTests.xctest */;
			productType = "com.apple.product-type.bundle.unit-test";
		};
		0B0356EA1E8E32DF00C6F87E /* healthKit DemoUITests */ = {
			isa = PBXNativeTarget;
			buildConfigurationList = 0B0356FA1E8E32DF00C6F87E /* Build configuration list for PBXNativeTarget "healthKit DemoUITests" */;
			buildPhases = (
				0B0356E71E8E32DF00C6F87E /* Sources */,
				0B0356E81E8E32DF00C6F87E /* Frameworks */,
				0B0356E91E8E32DF00C6F87E /* Resources */,
			);
			buildRules = (
			);
			dependencies = (
				0B0356ED1E8E32DF00C6F87E /* PBXTargetDependency */,
			);
			name = "healthKit DemoUITests";
			productName = "healthKit DemoUITests";
			productReference = 0B0356EB1E8E32DF00C6F87E /* healthKit DemoUITests.xctest */;
			productType = "com.apple.product-type.bundle.ui-testing";
		};
/* End PBXNativeTarget section */

/* Begin PBXProject section */
		0B0356BC1E8E32DF00C6F87E /* Project object */ = {
			isa = PBXProject;
			attributes = {
				LastUpgradeCheck = 0820;
				ORGANIZATIONNAME = LDY;
				TargetAttributes = {
					0B0356C31E8E32DF00C6F87E = {
						CreatedOnToolsVersion = 8.2.1;
						DevelopmentTeam = 2PG34PH6C8;
						ProvisioningStyle = Automatic;
						SystemCapabilities = {
							com.apple.HealthKit = {
								enabled = 1;
							};
						};
					};
					0B0356DF1E8E32DF00C6F87E = {
						CreatedOnToolsVersion = 8.2.1;
						DevelopmentTeam = ELYXV54F6A;
						ProvisioningStyle = Automatic;
						TestTargetID = 0B0356C31E8E32DF00C6F87E;
					};
					0B0356EA1E8E32DF00C6F87E = {
						CreatedOnToolsVersion = 8.2.1;
						DevelopmentTeam = ELYXV54F6A;
						ProvisioningStyle = Automatic;
						TestTargetID = 0B0356C31E8E32DF00C6F87E;
					};
				};
			};
			buildConfigurationList = 0B0356BF1E8E32DF00C6F87E /* Build configuration list for PBXProject "healthKit Demo" */;
			compatibilityVersion = "Xcode 3.2";
			developmentRegion = English;
			hasScannedForEncodings = 0;
			knownRegions = (
				en,
				Base,
			);
			mainGroup = 0B0356BB1E8E32DF00C6F87E;
			productRefGroup = 0B0356C51E8E32DF00C6F87E /* Products */;
			projectDirPath = "";
			projectRoot = "";
			targets = (
				0B0356C31E8E32DF00C6F87E /* healthKit Demo */,
				0B0356DF1E8E32DF00C6F87E /* healthKit DemoTests */,
				0B0356EA1E8E32DF00C6F87E /* healthKit DemoUITests */,
			);
		};
/* End PBXProject section */

/* Begin PBXResourcesBuildPhase section */
		0B0356C21E8E32DF00C6F87E /* Resources */ = {
			isa = PBXResourcesBuildPhase;
			buildActionMask = 2147483647;
			files = (
				0B0356DA1E8E32DF00C6F87E /* LaunchScreen.storyboard in Resources */,
				0B0356D71E8E32DF00C6F87E /* Assets.xcassets in Resources */,
				0B0356D21E8E32DF00C6F87E /* Main.storyboard in Resources */,
			);
			runOnlyForDeploymentPostprocessing = 0;
		};
		0B0356DE1E8E32DF00C6F87E /* Resources */ = {
			isa = PBXResourcesBuildPhase;
			buildActionMask = 2147483647;
			files = (
			);
			runOnlyForDeploymentPostprocessing = 0;
		};
		0B0356E91E8E32DF00C6F87E /* Resources */ = {
			isa = PBXResourcesBuildPhase;
			buildActionMask = 2147483647;
			files = (
			);
			runOnlyForDeploymentPostprocessing = 0;
		};
/* End PBXResourcesBuildPhase section */

/* Begin PBXSourcesBuildPhase section */
		0B0356C01E8E32DF00C6F87E /* Sources */ = {
			isa = PBXSourcesBuildPhase;
			buildActionMask = 2147483647;
			files = (
				0BFFB20E1E8E576400FA667D /* HKHealthStore+AAPLExtensions.m in Sources */,
				0B0356CF1E8E32DF00C6F87E /* ViewController.m in Sources */,
				0B0356D51E8E32DF00C6F87E /* healthKit_Demo.xcdatamodeld in Sources */,
				0B0357081E8E387C00C6F87E /* NavigationViewController.m in Sources */,
				0B03570D1E8E38E000C6F87E /* TabBarController.m in Sources */,
				0B0356CC1E8E32DF00C6F87E /* AppDelegate.m in Sources */,
				0BFFB2111E8E576400FA667D /* RunObject.m in Sources */,
				0B0356C91E8E32DF00C6F87E /* main.m in Sources */,
				0BFFB20B1E8E576300FA667D /* HealthManager.m in Sources */,
			);
			runOnlyForDeploymentPostprocessing = 0;
		};
		0B0356DC1E8E32DF00C6F87E /* Sources */ = {
			isa = PBXSourcesBuildPhase;
			buildActionMask = 2147483647;
			files = (
				0BFFB2121E8E576400FA667D /* RunObject.m in Sources */,
				0BFFB20F1E8E576400FA667D /* HKHealthStore+AAPLExtensions.m in Sources */,
				0B03570E1E8E38E000C6F87E /* TabBarController.m in Sources */,
				0B0356E51E8E32DF00C6F87E /* healthKit_DemoTests.m in Sources */,
				0B0357091E8E387C00C6F87E /* NavigationViewController.m in Sources */,
				0BFFB20C1E8E576300FA667D /* HealthManager.m in Sources */,
			);
			runOnlyForDeploymentPostprocessing = 0;
		};
		0B0356E71E8E32DF00C6F87E /* Sources */ = {
			isa = PBXSourcesBuildPhase;
			buildActionMask = 2147483647;
			files = (
				0BFFB2131E8E576400FA667D /* RunObject.m in Sources */,
				0BFFB2101E8E576400FA667D /* HKHealthStore+AAPLExtensions.m in Sources */,
				0B03570F1E8E38E000C6F87E /* TabBarController.m in Sources */,
				0B0356F01E8E32DF00C6F87E /* healthKit_DemoUITests.m in Sources */,
				0B03570A1E8E387C00C6F87E /* NavigationViewController.m in Sources */,
				0BFFB20D1E8E576300FA667D /* HealthManager.m in Sources */,
			);
			runOnlyForDeploymentPostprocessing = 0;
		};
/* End PBXSourcesBuildPhase section */

/* Begin PBXTargetDependency section */
		0B0356E21E8E32DF00C6F87E /* PBXTargetDependency */ = {
			isa = PBXTargetDependency;
			target = 0B0356C31E8E32DF00C6F87E /* healthKit Demo */;
			targetProxy = 0B0356E11E8E32DF00C6F87E /* PBXContainerItemProxy */;
		};
		0B0356ED1E8E32DF00C6F87E /* PBXTargetDependency */ = {
			isa = PBXTargetDependency;
			target = 0B0356C31E8E32DF00C6F87E /* healthKit Demo */;
			targetProxy = 0B0356EC1E8E32DF00C6F87E /* PBXContainerItemProxy */;
		};
/* End PBXTargetDependency section */

/* Begin PBXVariantGroup section */
		0B0356D01E8E32DF00C6F87E /* Main.storyboard */ = {
			isa = PBXVariantGroup;
			children = (
				0B0356D11E8E32DF00C6F87E /* Base */,
			);
			name = Main.storyboard;
			sourceTree = "<group>";
		};
		0B0356D81E8E32DF00C6F87E /* LaunchScreen.storyboard */ = {
			isa = PBXVariantGroup;
			children = (
				0B0356D91E8E32DF00C6F87E /* Base */,
			);
			name = LaunchScreen.storyboard;
			sourceTree = "<group>";
		};
/* End PBXVariantGroup section */

/* Begin XCBuildConfiguration section */
		0B0356F21E8E32DF00C6F87E /* Debug */ = {
			isa = XCBuildConfiguration;
			buildSettings = {
				ALWAYS_SEARCH_USER_PATHS = NO;
				CLANG_ANALYZER_NONNULL = YES;
				CLANG_CXX_LANGUAGE_STANDARD = "gnu++0x";
				CLANG_CXX_LIBRARY = "libc++";
				CLANG_ENABLE_MODULES = YES;
				CLANG_ENABLE_OBJC_ARC = YES;
				CLANG_WARN_BOOL_CONVERSION = YES;
				CLANG_WARN_CONSTANT_CONVERSION = YES;
				CLANG_WARN_DIRECT_OBJC_ISA_USAGE = YES_ERROR;
				CLANG_WARN_DOCUMENTATION_COMMENTS = YES;
				CLANG_WARN_EMPTY_BODY = YES;
				CLANG_WARN_ENUM_CONVERSION = YES;
				CLANG_WARN_INFINITE_RECURSION = YES;
				CLANG_WARN_INT_CONVERSION = YES;
				CLANG_WARN_OBJC_ROOT_CLASS = YES_ERROR;
				CLANG_WARN_SUSPICIOUS_MOVE = YES;
				CLANG_WARN_UNREACHABLE_CODE = YES;
				CLANG_WARN__DUPLICATE_METHOD_MATCH = YES;
				"CODE_SIGN_IDENTITY[sdk=iphoneos*]" = "iPhone Developer";
				COPY_PHASE_STRIP = NO;
				DEBUG_INFORMATION_FORMAT = dwarf;
				ENABLE_STRICT_OBJC_MSGSEND = YES;
				ENABLE_TESTABILITY = YES;
				GCC_C_LANGUAGE_STANDARD = gnu99;
				GCC_DYNAMIC_NO_PIC = NO;
				GCC_NO_COMMON_BLOCKS = YES;
				GCC_OPTIMIZATION_LEVEL = 0;
				GCC_PREPROCESSOR_DEFINITIONS = (
					"DEBUG=1",
					"$(inherited)",
				);
				GCC_WARN_64_TO_32_BIT_CONVERSION = YES;
				GCC_WARN_ABOUT_RETURN_TYPE = YES_ERROR;
				GCC_WARN_UNDECLARED_SELECTOR = YES;
				GCC_WARN_UNINITIALIZED_AUTOS = YES_AGGRESSIVE;
				GCC_WARN_UNUSED_FUNCTION = YES;
				GCC_WARN_UNUSED_VARIABLE = YES;
				IPHONEOS_DEPLOYMENT_TARGET = 10.2;
				MTL_ENABLE_DEBUG_INFO = YES;
				ONLY_ACTIVE_ARCH = YES;
				SDKROOT = iphoneos;
				TARGETED_DEVICE_FAMILY = "1,2";
			};
			name = Debug;
		};
		0B0356F31E8E32DF00C6F87E /* Release */ = {
			isa = XCBuildConfiguration;
			buildSettings = {
				ALWAYS_SEARCH_USER_PATHS = NO;
				CLANG_ANALYZER_NONNULL = YES;
				CLANG_CXX_LANGUAGE_STANDARD = "gnu++0x";
				CLANG_CXX_LIBRARY = "libc++";
				CLANG_ENABLE_MODULES = YES;
				CLANG_ENABLE_OBJC_ARC = YES;
				CLANG_WARN_BOOL_CONVERSION = YES;
				CLANG_WARN_CONSTANT_CONVERSION = YES;
				CLANG_WARN_DIRECT_OBJC_ISA_USAGE = YES_ERROR;
				CLANG_WARN_DOCUMENTATION_COMMENTS = YES;
				CLANG_WARN_EMPTY_BODY = YES;
				CLANG_WARN_ENUM_CONVERSION = YES;
				CLANG_WARN_INFINITE_RECURSION = YES;
				CLANG_WARN_INT_CONVERSION = YES;
				CLANG_WARN_OBJC_ROOT_CLASS = YES_ERROR;
				CLANG_WARN_SUSPICIOUS_MOVE = YES;
				CLANG_WARN_UNREACHABLE_CODE = YES;
				CLANG_WARN__DUPLICATE_METHOD_MATCH = YES;
				"CODE_SIGN_IDENTITY[sdk=iphoneos*]" = "iPhone Developer";
				COPY_PHASE_STRIP = NO;
				DEBUG_INFORMATION_FORMAT = "dwarf-with-dsym";
				ENABLE_NS_ASSERTIONS = NO;
				ENABLE_STRICT_OBJC_MSGSEND = YES;
				GCC_C_LANGUAGE_STANDARD = gnu99;
				GCC_NO_COMMON_BLOCKS = YES;
				GCC_WARN_64_TO_32_BIT_CONVERSION = YES;
				GCC_WARN_ABOUT_RETURN_TYPE = YES_ERROR;
				GCC_WARN_UNDECLARED_SELECTOR = YES;
				GCC_WARN_UNINITIALIZED_AUTOS = YES_AGGRESSIVE;
				GCC_WARN_UNUSED_FUNCTION = YES;
				GCC_WARN_UNUSED_VARIABLE = YES;
				IPHONEOS_DEPLOYMENT_TARGET = 10.2;
				MTL_ENABLE_DEBUG_INFO = NO;
				SDKROOT = iphoneos;
				TARGETED_DEVICE_FAMILY = "1,2";
				VALIDATE_PRODUCT = YES;
			};
			name = Release;
		};
		0B0356F51E8E32DF00C6F87E /* Debug */ = {
			isa = XCBuildConfiguration;
			buildSettings = {
				ASSETCATALOG_COMPILER_APPICON_NAME = AppIcon;
				CODE_SIGN_ENTITLEMENTS = "healthKit Demo/healthKit Demo.entitlements";
				DEVELOPMENT_TEAM = 2PG34PH6C8;
				INFOPLIST_FILE = "healthKit Demo/Info.plist";
				LD_RUNPATH_SEARCH_PATHS = "$(inherited) @executable_path/Frameworks";
				PRODUCT_BUNDLE_IDENTIFIER = com.QianHaiLDY.zucheStaff;
				PRODUCT_NAME = "$(TARGET_NAME)";
			};
			name = Debug;
		};
		0B0356F61E8E32DF00C6F87E /* Release */ = {
			isa = XCBuildConfiguration;
			buildSettings = {
				ASSETCATALOG_COMPILER_APPICON_NAME = AppIcon;
				CODE_SIGN_ENTITLEMENTS = "healthKit Demo/healthKit Demo.entitlements";
				DEVELOPMENT_TEAM = 2PG34PH6C8;
				INFOPLIST_FILE = "healthKit Demo/Info.plist";
				LD_RUNPATH_SEARCH_PATHS = "$(inherited) @executable_path/Frameworks";
				PRODUCT_BUNDLE_IDENTIFIER = com.QianHaiLDY.zucheStaff;
				PRODUCT_NAME = "$(TARGET_NAME)";
			};
			name = Release;
		};
		0B0356F81E8E32DF00C6F87E /* Debug */ = {
			isa = XCBuildConfiguration;
			buildSettings = {
				BUNDLE_LOADER = "$(TEST_HOST)";
				DEVELOPMENT_TEAM = ELYXV54F6A;
				INFOPLIST_FILE = "healthKit DemoTests/Info.plist";
				LD_RUNPATH_SEARCH_PATHS = "$(inherited) @executable_path/Frameworks @loader_path/Frameworks";
				PRODUCT_BUNDLE_IDENTIFIER = "fengjing.healthKit-DemoTests";
				PRODUCT_NAME = "$(TARGET_NAME)";
				TEST_HOST = "$(BUILT_PRODUCTS_DIR)/healthKit Demo.app/healthKit Demo";
			};
			name = Debug;
		};
		0B0356F91E8E32DF00C6F87E /* Release */ = {
			isa = XCBuildConfiguration;
			buildSettings = {
				BUNDLE_LOADER = "$(TEST_HOST)";
				DEVELOPMENT_TEAM = ELYXV54F6A;
				INFOPLIST_FILE = "healthKit DemoTests/Info.plist";
				LD_RUNPATH_SEARCH_PATHS = "$(inherited) @executable_path/Frameworks @loader_path/Frameworks";
				PRODUCT_BUNDLE_IDENTIFIER = "fengjing.healthKit-DemoTests";
				PRODUCT_NAME = "$(TARGET_NAME)";
				TEST_HOST = "$(BUILT_PRODUCTS_DIR)/healthKit Demo.app/healthKit Demo";
			};
			name = Release;
		};
		0B0356FB1E8E32DF00C6F87E /* Debug */ = {
			isa = XCBuildConfiguration;
			buildSettings = {
				DEVELOPMENT_TEAM = ELYXV54F6A;
				INFOPLIST_FILE = "healthKit DemoUITests/Info.plist";
				LD_RUNPATH_SEARCH_PATHS = "$(inherited) @executable_path/Frameworks @loader_path/Frameworks";
				PRODUCT_BUNDLE_IDENTIFIER = "fengjing.healthKit-DemoUITests";
				PRODUCT_NAME = "$(TARGET_NAME)";
				TEST_TARGET_NAME = "healthKit Demo";
			};
			name = Debug;
		};
		0B0356FC1E8E32DF00C6F87E /* Release */ = {
			isa = XCBuildConfiguration;
			buildSettings = {
				DEVELOPMENT_TEAM = ELYXV54F6A;
				INFOPLIST_FILE = "healthKit DemoUITests/Info.plist";
				LD_RUNPATH_SEARCH_PATHS = "$(inherited) @executable_path/Frameworks @loader_path/Frameworks";
				PRODUCT_BUNDLE_IDENTIFIER = "fengjing.healthKit-DemoUITests";
				PRODUCT_NAME = "$(TARGET_NAME)";
				TEST_TARGET_NAME = "healthKit Demo";
			};
			name = Release;
		};
/* End XCBuildConfiguration section */

/* Begin XCConfigurationList section */
		0B0356BF1E8E32DF00C6F87E /* Build configuration list for PBXProject "healthKit Demo" */ = {
			isa = XCConfigurationList;
			buildConfigurations = (
				0B0356F21E8E32DF00C6F87E /* Debug */,
				0B0356F31E8E32DF00C6F87E /* Release */,
			);
			defaultConfigurationIsVisible = 0;
			defaultConfigurationName = Release;
		};
		0B0356F41E8E32DF00C6F87E /* Build configuration list for PBXNativeTarget "healthKit Demo" */ = {
			isa = XCConfigurationList;
			buildConfigurations = (
				0B0356F51E8E32DF00C6F87E /* Debug */,
				0B0356F61E8E32DF00C6F87E /* Release */,
			);
			defaultConfigurationIsVisible = 0;
			defaultConfigurationName = Release;
		};
		0B0356F71E8E32DF00C6F87E /* Build configuration list for PBXNativeTarget "healthKit DemoTests" */ = {
			isa = XCConfigurationList;
			buildConfigurations = (
				0B0356F81E8E32DF00C6F87E /* Debug */,
				0B0356F91E8E32DF00C6F87E /* Release */,
			);
			defaultConfigurationIsVisible = 0;
			defaultConfigurationName = Release;
		};
		0B0356FA1E8E32DF00C6F87E /* Build configuration list for PBXNativeTarget "healthKit DemoUITests" */ = {
			isa = XCConfigurationList;
			buildConfigurations = (
				0B0356FB1E8E32DF00C6F87E /* Debug */,
				0B0356FC1E8E32DF00C6F87E /* Release */,
			);
			defaultConfigurationIsVisible = 0;
			defaultConfigurationName = Release;
		};
/* End XCConfigurationList section */

/* Begin XCVersionGroup section */
		0B0356D31E8E32DF00C6F87E /* healthKit_Demo.xcdatamodeld */ = {
			isa = XCVersionGroup;
			children = (
				0B0356D41E8E32DF00C6F87E /* healthKit_Demo.xcdatamodel */,
			);
			currentVersion = 0B0356D41E8E32DF00C6F87E /* healthKit_Demo.xcdatamodel */;
			path = healthKit_Demo.xcdatamodeld;
			sourceTree = "<group>";
			versionGroupType = wrapper.xcdatamodel;
		};
/* End XCVersionGroup section */
	};
	rootObject = 0B0356BC1E8E32DF00C6F87E /* Project object */;
}
